
Microsoft Visual Studio Solution File, Format Version 12.00
# Visual Studio Version 16
VisualStudioVersion = 16.0.31402.337
MinimumVisualStudioVersion = 10.0.40219.1
Project("{8BC9CEB8-8B4A-11D0-8D11-00A0C91BC942}") = "Lesson_1", "VeriYapilari\VeriYapilari.vcxproj", "{2944837D-FDA9-41C5-BB50-80939B1C94CB}"
EndProject
Project("{8BC9CEB8-8B4A-11D0-8D11-00A0C91BC942}") = "Lesson_2", "Lesson_2\Lesson_2.vcxproj", "{D00CC51E-CC7C-4FF9-AA13-5337DC942366}"
EndProject
Project("{8BC9CEB8-8B4A-11D0-8D11-00A0C91BC942}") = "Lesson_3", "Lesson_3\Lesson_3.vcxproj", "{5C9EFB41-B5E6-4EFB-AB9D-EE3AD2BEA4F2}"
EndProject
Project("{8BC9CEB8-8B4A-11D0-8D11-00A0C91BC942}") = "Lesson_4", "Lesson_4\Lesson_4.vcxproj", "{ADFD6946-CA22-4939-9270-176416CEFD8F}"
EndProject
Project("{8BC9CEB8-8B4A-11D0-8D11-00A0C91BC942}") = "Lesson_5", "Lesson_5\Lesson_5.vcxproj", "{BF0391A5-E2CC-4CDB-BDF9-62E08DC798EC}"
EndProject
Project("{8BC9CEB8-8B4A-11D0-8D11-00A0C91BC942}") = "Lesson_6", "Lesson_6\Lesson_6.vcxproj", "{AEF4D629-43AB-43FD-980F-E029C12905B5}"
EndProject
Project("{8BC9CEB8-8B4A-11D0-8D11-00A0C91BC942}") = "Lesson_7", "Lesson_7\Lesson_7.vcxproj", "{90026372-6AED-4FDD-AF63-2B10FF696886}"
EndProject
Project("{8BC9CEB8-8B4A-11D0-8D11-00A0C91BC942}") = "Lesson_8", "Lesson_8\Lesson_8.vcxproj", "{8EE1EC37-0F69-49EC-8211-CE5F2FF19E41}"
EndProject
Project("{8BC9CEB8-8B4A-11D0-8D11-00A0C91BC942}") = "Lesson_9_2", "Lesson_9_2\Lesson_9_2.vcxproj", "{C2BC39FA-3751-47A7-AB11-5C97A28B8369}"
EndProject
Project("{8BC9CEB8-8B4A-11D0-8D11-00A0C91BC942}") = "Lesson_10_1", "Lesson_10_1\Lesson_10_1.vcxproj", "{B2AD622A-F5FE-4464-960B-9177208D3B54}"
EndProject
Project("{8BC9CEB8-8B4A-11D0-8D11-00A0C91BC942}") = "Lesson_11", "Lesson_11\Lesson_11.vcxproj", "{5F6BE3BB-776F-4F7A-8C90-74F6EBA2FE7E}"
EndProject
Project("{8BC9CEB8-8B4A-11D0-8D11-00A0C91BC942}") = "Lesson_12", "Lesson_12\Lesson_12.vcxproj", "{6673DF66-A353-4C94-ABAA-B9EEF8BCFD90}"
EndProject
Project("{8BC9CEB8-8B4A-11D0-8D11-00A0C91BC942}") = "Lesson_16", "Lesson_16\Lesson_16.vcxproj", "{6AD6B222-595E-4266-8F9B-8F29774C24C7}"
EndProject
Project("{8BC9CEB8-8B4A-11D0-8D11-00A0C91BC942}") = "Lesson_17", "Lesson_17\Lesson_17.vcxproj", "{39BF76F5-4FD1-4A0F-8FBC-7E5ED86E651C}"
EndProject
Project("{8BC9CEB8-8B4A-11D0-8D11-00A0C91BC942}") = "Lesson_18", "Lesson_18\Lesson_18.vcxproj", "{206B97ED-E401-43C9-987F-DB4BE590DFCF}"
EndProject
Project("{8BC9CEB8-8B4A-11D0-8D11-00A0C91BC942}") = "Lesson_19", "Lesson_19\Lesson_19.vcxproj", "{625BA994-64B5-42AA-8BAB-F7E4160E291B}"
EndProject
Project("{8BC9CEB8-8B4A-11D0-8D11-00A0C91BC942}") = "Lesson_20", "Lesson_20\Lesson_20.vcxproj", "{E2A98927-D0E6-479B-AEFC-DD029886253B}"
EndProject
Project("{8BC9CEB8-8B4A-11D0-8D11-00A0C91BC942}") = "Lesson_21", "Lesson_21\Lesson_21.vcxproj", "{FCB87B08-CED0-425B-8518-A7E08AB2D622}"
EndProject
Project("{8BC9CEB8-8B4A-11D0-8D11-00A0C91BC942}") = "Lesson_21_2", "Lesson_21_2\Lesson_21_2.vcxproj", "{4C546725-5AC5-42D6-8CAC-486347A72C99}"
EndProject
Project("{8BC9CEB8-8B4A-11D0-8D11-00A0C91BC942}") = "Lesson_22", "Lesson_22\Lesson_22.vcxproj", "{D47E09D4-B6AE-4D84-A40B-B69A9CF54324}"
EndProject
Project("{8BC9CEB8-8B4A-11D0-8D11-00A0C91BC942}") = "Lesson_24", "Lesson_24\Lesson_24.vcxproj", "{216939AC-72DD-4090-A10D-0E3C74A7D0D9}"
EndProject
Project("{8BC9CEB8-8B4A-11D0-8D11-00A0C91BC942}") = "Lesson_9_Stack_ll", "Lesson_9_Stack_ll\Lesson_9_Stack_ll.vcxproj", "{ADE0D5F1-B355-4C68-A71F-C2AFE824AC4A}"
EndProject
Global
	GlobalSection(SolutionConfigurationPlatforms) = preSolution
		Debug|x64 = Debug|x64
		Debug|x86 = Debug|x86
		Release|x64 = Release|x64
		Release|x86 = Release|x86
	EndGlobalSection
	GlobalSection(ProjectConfigurationPlatforms) = postSolution
		{2944837D-FDA9-41C5-BB50-80939B1C94CB}.Debug|x64.ActiveCfg = Debug|x64
		{2944837D-FDA9-41C5-BB50-80939B1C94CB}.Debug|x64.Build.0 = Debug|x64
		{2944837D-FDA9-41C5-BB50-80939B1C94CB}.Debug|x86.ActiveCfg = Debug|Win32
		{2944837D-FDA9-41C5-BB50-80939B1C94CB}.Debug|x86.Build.0 = Debug|Win32
		{2944837D-FDA9-41C5-BB50-80939B1C94CB}.Release|x64.ActiveCfg = Release|x64
		{2944837D-FDA9-41C5-BB50-80939B1C94CB}.Release|x64.Build.0 = Release|x64
		{2944837D-FDA9-41C5-BB50-80939B1C94CB}.Release|x86.ActiveCfg = Release|Win32
		{2944837D-FDA9-41C5-BB50-80939B1C94CB}.Release|x86.Build.0 = Release|Win32
		{D00CC51E-CC7C-4FF9-AA13-5337DC942366}.Debug|x64.ActiveCfg = Debug|x64
		{D00CC51E-CC7C-4FF9-AA13-5337DC942366}.Debug|x64.Build.0 = Debug|x64
		{D00CC51E-CC7C-4FF9-AA13-5337DC942366}.Debug|x86.ActiveCfg = Debug|Win32
		{D00CC51E-CC7C-4FF9-AA13-5337DC942366}.Debug|x86.Build.0 = Debug|Win32
		{D00CC51E-CC7C-4FF9-AA13-5337DC942366}.Release|x64.ActiveCfg = Release|x64
		{D00CC51E-CC7C-4FF9-AA13-5337DC942366}.Release|x64.Build.0 = Release|x64
		{D00CC51E-CC7C-4FF9-AA13-5337DC942366}.Release|x86.ActiveCfg = Release|Win32
		{D00CC51E-CC7C-4FF9-AA13-5337DC942366}.Release|x86.Build.0 = Release|Win32
		{5C9EFB41-B5E6-4EFB-AB9D-EE3AD2BEA4F2}.Debug|x64.ActiveCfg = Debug|x64
		{5C9EFB41-B5E6-4EFB-AB9D-EE3AD2BEA4F2}.Debug|x64.Build.0 = Debug|x64
		{5C9EFB41-B5E6-4EFB-AB9D-EE3AD2BEA4F2}.Debug|x86.ActiveCfg = Debug|Win32
		{5C9EFB41-B5E6-4EFB-AB9D-EE3AD2BEA4F2}.Debug|x86.Build.0 = Debug|Win32
		{5C9EFB41-B5E6-4EFB-AB9D-EE3AD2BEA4F2}.Release|x64.ActiveCfg = Release|x64
		{5C9EFB41-B5E6-4EFB-AB9D-EE3AD2BEA4F2}.Release|x64.Build.0 = Release|x64
		{5C9EFB41-B5E6-4EFB-AB9D-EE3AD2BEA4F2}.Release|x86.ActiveCfg = Release|Win32
		{5C9EFB41-B5E6-4EFB-AB9D-EE3AD2BEA4F2}.Release|x86.Build.0 = Release|Win32
		{ADFD6946-CA22-4939-9270-176416CEFD8F}.Debug|x64.ActiveCfg = Debug|x64
		{ADFD6946-CA22-4939-9270-176416CEFD8F}.Debug|x64.Build.0 = Debug|x64
		{ADFD6946-CA22-4939-9270-176416CEFD8F}.Debug|x86.ActiveCfg = Debug|Win32
		{ADFD6946-CA22-4939-9270-176416CEFD8F}.Debug|x86.Build.0 = Debug|Win32
		{ADFD6946-CA22-4939-9270-176416CEFD8F}.Release|x64.ActiveCfg = Release|x64
		{ADFD6946-CA22-4939-9270-176416CEFD8F}.Release|x64.Build.0 = Release|x64
		{ADFD6946-CA22-4939-9270-176416CEFD8F}.Release|x86.ActiveCfg = Release|Win32
		{ADFD6946-CA22-4939-9270-176416CEFD8F}.Release|x86.Build.0 = Release|Win32
		{BF0391A5-E2CC-4CDB-BDF9-62E08DC798EC}.Debug|x64.ActiveCfg = Debug|x64
		{BF0391A5-E2CC-4CDB-BDF9-62E08DC798EC}.Debug|x64.Build.0 = Debug|x64
		{BF0391A5-E2CC-4CDB-BDF9-62E08DC798EC}.Debug|x86.ActiveCfg = Debug|Win32
		{BF0391A5-E2CC-4CDB-BDF9-62E08DC798EC}.Debug|x86.Build.0 = Debug|Win32
		{BF0391A5-E2CC-4CDB-BDF9-62E08DC798EC}.Release|x64.ActiveCfg = Release|x64
		{BF0391A5-E2CC-4CDB-BDF9-62E08DC798EC}.Release|x64.Build.0 = Release|x64
		{BF0391A5-E2CC-4CDB-BDF9-62E08DC798EC}.Release|x86.ActiveCfg = Release|Win32
		{BF0391A5-E2CC-4CDB-BDF9-62E08DC798EC}.Release|x86.Build.0 = Release|Win32
		{AEF4D629-43AB-43FD-980F-E029C12905B5}.Debug|x64.ActiveCfg = Debug|x64
		{AEF4D629-43AB-43FD-980F-E029C12905B5}.Debug|x64.Build.0 = Debug|x64
		{AEF4D629-43AB-43FD-980F-E029C12905B5}.Debug|x86.ActiveCfg = Debug|Win32
		{AEF4D629-43AB-43FD-980F-E029C12905B5}.Debug|x86.Build.0 = Debug|Win32
		{AEF4D629-43AB-43FD-980F-E029C12905B5}.Release|x64.ActiveCfg = Release|x64
		{AEF4D629-43AB-43FD-980F-E029C12905B5}.Release|x64.Build.0 = Release|x64
		{AEF4D629-43AB-43FD-980F-E029C12905B5}.Release|x86.ActiveCfg = Release|Win32
		{AEF4D629-43AB-43FD-980F-E029C12905B5}.Release|x86.Build.0 = Release|Win32
		{90026372-6AED-4FDD-AF63-2B10FF696886}.Debug|x64.ActiveCfg = Debug|x64
		{90026372-6AED-4FDD-AF63-2B10FF696886}.Debug|x64.Build.0 = Debug|x64
		{90026372-6AED-4FDD-AF63-2B10FF696886}.Debug|x86.ActiveCfg = Debug|Win32
		{90026372-6AED-4FDD-AF63-2B10FF696886}.Debug|x86.Build.0 = Debug|Win32
		{90026372-6AED-4FDD-AF63-2B10FF696886}.Release|x64.ActiveCfg = Release|x64
		{90026372-6AED-4FDD-AF63-2B10FF696886}.Release|x64.Build.0 = Release|x64
		{90026372-6AED-4FDD-AF63-2B10FF696886}.Release|x86.ActiveCfg = Release|Win32
		{90026372-6AED-4FDD-AF63-2B10FF696886}.Release|x86.Build.0 = Release|Win32
		{8EE1EC37-0F69-49EC-8211-CE5F2FF19E41}.Debug|x64.ActiveCfg = Debug|x64
		{8EE1EC37-0F69-49EC-8211-CE5F2FF19E41}.Debug|x64.Build.0 = Debug|x64
		{8EE1EC37-0F69-49EC-8211-CE5F2FF19E41}.Debug|x86.ActiveCfg = Debug|Win32
		{8EE1EC37-0F69-49EC-8211-CE5F2FF19E41}.Debug|x86.Build.0 = Debug|Win32
		{8EE1EC37-0F69-49EC-8211-CE5F2FF19E41}.Release|x64.ActiveCfg = Release|x64
		{8EE1EC37-0F69-49EC-8211-CE5F2FF19E41}.Release|x64.Build.0 = Release|x64
		{8EE1EC37-0F69-49EC-8211-CE5F2FF19E41}.Release|x86.ActiveCfg = Release|Win32
		{8EE1EC37-0F69-49EC-8211-CE5F2FF19E41}.Release|x86.Build.0 = Release|Win32
		{C2BC39FA-3751-47A7-AB11-5C97A28B8369}.Debug|x64.ActiveCfg = Debug|x64
		{C2BC39FA-3751-47A7-AB11-5C97A28B8369}.Debug|x64.Build.0 = Debug|x64
		{C2BC39FA-3751-47A7-AB11-5C97A28B8369}.Debug|x86.ActiveCfg = Debug|Win32
		{C2BC39FA-3751-47A7-AB11-5C97A28B8369}.Debug|x86.Build.0 = Debug|Win32
		{C2BC39FA-3751-47A7-AB11-5C97A28B8369}.Release|x64.ActiveCfg = Release|x64
		{C2BC39FA-3751-47A7-AB11-5C97A28B8369}.Release|x64.Build.0 = Release|x64
		{C2BC39FA-3751-47A7-AB11-5C97A28B8369}.Release|x86.ActiveCfg = Release|Win32
		{C2BC39FA-3751-47A7-AB11-5C97A28B8369}.Release|x86.Build.0 = Release|Win32
		{B2AD622A-F5FE-4464-960B-9177208D3B54}.Debug|x64.ActiveCfg = Debug|x64
		{B2AD622A-F5FE-4464-960B-9177208D3B54}.Debug|x64.Build.0 = Debug|x64
		{B2AD622A-F5FE-4464-960B-9177208D3B54}.Debug|x86.ActiveCfg = Debug|Win32
		{B2AD622A-F5FE-4464-960B-9177208D3B54}.Debug|x86.Build.0 = Debug|Win32
		{B2AD622A-F5FE-4464-960B-9177208D3B54}.Release|x64.ActiveCfg = Release|x64
		{B2AD622A-F5FE-4464-960B-9177208D3B54}.Release|x64.Build.0 = Release|x64
		{B2AD622A-F5FE-4464-960B-9177208D3B54}.Release|x86.ActiveCfg = Release|Win32
		{B2AD622A-F5FE-4464-960B-9177208D3B54}.Release|x86.Build.0 = Release|Win32
		{5F6BE3BB-776F-4F7A-8C90-74F6EBA2FE7E}.Debug|x64.ActiveCfg = Debug|x64
		{5F6BE3BB-776F-4F7A-8C90-74F6EBA2FE7E}.Debug|x64.Build.0 = Debug|x64
		{5F6BE3BB-776F-4F7A-8C90-74F6EBA2FE7E}.Debug|x86.ActiveCfg = Debug|Win32
		{5F6BE3BB-776F-4F7A-8C90-74F6EBA2FE7E}.Debug|x86.Build.0 = Debug|Win32
		{5F6BE3BB-776F-4F7A-8C90-74F6EBA2FE7E}.Release|x64.ActiveCfg = Release|x64
		{5F6BE3BB-776F-4F7A-8C90-74F6EBA2FE7E}.Release|x64.Build.0 = Release|x64
		{5F6BE3BB-776F-4F7A-8C90-74F6EBA2FE7E}.Release|x86.ActiveCfg = Release|Win32
		{5F6BE3BB-776F-4F7A-8C90-74F6EBA2FE7E}.Release|x86.Build.0 = Release|Win32
		{6673DF66-A353-4C94-ABAA-B9EEF8BCFD90}.Debug|x64.ActiveCfg = Debug|x64
		{6673DF66-A353-4C94-ABAA-B9EEF8BCFD90}.Debug|x64.Build.0 = Debug|x64
		{6673DF66-A353-4C94-ABAA-B9EEF8BCFD90}.Debug|x86.ActiveCfg = Debug|Win32
		{6673DF66-A353-4C94-ABAA-B9EEF8BCFD90}.Debug|x86.Build.0 = Debug|Win32
		{6673DF66-A353-4C94-ABAA-B9EEF8BCFD90}.Release|x64.ActiveCfg = Release|x64
		{6673DF66-A353-4C94-ABAA-B9EEF8BCFD90}.Release|x64.Build.0 = Release|x64
		{6673DF66-A353-4C94-ABAA-B9EEF8BCFD90}.Release|x86.ActiveCfg = Release|Win32
		{6673DF66-A353-4C94-ABAA-B9EEF8BCFD90}.Release|x86.Build.0 = Release|Win32
		{6AD6B222-595E-4266-8F9B-8F29774C24C7}.Debug|x64.ActiveCfg = Debug|x64
		{6AD6B222-595E-4266-8F9B-8F29774C24C7}.Debug|x64.Build.0 = Debug|x64
		{6AD6B222-595E-4266-8F9B-8F29774C24C7}.Debug|x86.ActiveCfg = Debug|Win32
		{6AD6B222-595E-4266-8F9B-8F29774C24C7}.Debug|x86.Build.0 = Debug|Win32
		{6AD6B222-595E-4266-8F9B-8F29774C24C7}.Release|x64.ActiveCfg = Release|x64
		{6AD6B222-595E-4266-8F9B-8F29774C24C7}.Release|x64.Build.0 = Release|x64
		{6AD6B222-595E-4266-8F9B-8F29774C24C7}.Release|x86.ActiveCfg = Release|Win32
		{6AD6B222-595E-4266-8F9B-8F29774C24C7}.Release|x86.Build.0 = Release|Win32
		{39BF76F5-4FD1-4A0F-8FBC-7E5ED86E651C}.Debug|x64.ActiveCfg = Debug|x64
		{39BF76F5-4FD1-4A0F-8FBC-7E5ED86E651C}.Debug|x64.Build.0 = Debug|x64
		{39BF76F5-4FD1-4A0F-8FBC-7E5ED86E651C}.Debug|x86.ActiveCfg = Debug|Win32
		{39BF76F5-4FD1-4A0F-8FBC-7E5ED86E651C}.Debug|x86.Build.0 = Debug|Win32
		{39BF76F5-4FD1-4A0F-8FBC-7E5ED86E651C}.Release|x64.ActiveCfg = Release|x64
		{39BF76F5-4FD1-4A0F-8FBC-7E5ED86E651C}.Release|x64.Build.0 = Release|x64
		{39BF76F5-4FD1-4A0F-8FBC-7E5ED86E651C}.Release|x86.ActiveCfg = Release|Win32
		{39BF76F5-4FD1-4A0F-8FBC-7E5ED86E651C}.Release|x86.Build.0 = Release|Win32
		{206B97ED-E401-43C9-987F-DB4BE590DFCF}.Debug|x64.ActiveCfg = Debug|x64
		{206B97ED-E401-43C9-987F-DB4BE590DFCF}.Debug|x64.Build.0 = Debug|x64
		{206B97ED-E401-43C9-987F-DB4BE590DFCF}.Debug|x86.ActiveCfg = Debug|Win32
		{206B97ED-E401-43C9-987F-DB4BE590DFCF}.Debug|x86.Build.0 = Debug|Win32
		{206B97ED-E401-43C9-987F-DB4BE590DFCF}.Release|x64.ActiveCfg = Release|x64
		{206B97ED-E401-43C9-987F-DB4BE590DFCF}.Release|x64.Build.0 = Release|x64
		{206B97ED-E401-43C9-987F-DB4BE590DFCF}.Release|x86.ActiveCfg = Release|Win32
		{206B97ED-E401-43C9-987F-DB4BE590DFCF}.Release|x86.Build.0 = Release|Win32
		{625BA994-64B5-42AA-8BAB-F7E4160E291B}.Debug|x64.ActiveCfg = Debug|x64
		{625BA994-64B5-42AA-8BAB-F7E4160E291B}.Debug|x64.Build.0 = Debug|x64
		{625BA994-64B5-42AA-8BAB-F7E4160E291B}.Debug|x86.ActiveCfg = Debug|Win32
		{625BA994-64B5-42AA-8BAB-F7E4160E291B}.Debug|x86.Build.0 = Debug|Win32
		{625BA994-64B5-42AA-8BAB-F7E4160E291B}.Release|x64.ActiveCfg = Release|x64
		{625BA994-64B5-42AA-8BAB-F7E4160E291B}.Release|x64.Build.0 = Release|x64
		{625BA994-64B5-42AA-8BAB-F7E4160E291B}.Release|x86.ActiveCfg = Release|Win32
		{625BA994-64B5-42AA-8BAB-F7E4160E291B}.Release|x86.Build.0 = Release|Win32
		{E2A98927-D0E6-479B-AEFC-DD029886253B}.Debug|x64.ActiveCfg = Debug|x64
		{E2A98927-D0E6-479B-AEFC-DD029886253B}.Debug|x64.Build.0 = Debug|x64
		{E2A98927-D0E6-479B-AEFC-DD029886253B}.Debug|x86.ActiveCfg = Debug|Win32
		{E2A98927-D0E6-479B-AEFC-DD029886253B}.Debug|x86.Build.0 = Debug|Win32
		{E2A98927-D0E6-479B-AEFC-DD029886253B}.Release|x64.ActiveCfg = Release|x64
		{E2A98927-D0E6-479B-AEFC-DD029886253B}.Release|x64.Build.0 = Release|x64
		{E2A98927-D0E6-479B-AEFC-DD029886253B}.Release|x86.ActiveCfg = Release|Win32
		{E2A98927-D0E6-479B-AEFC-DD029886253B}.Release|x86.Build.0 = Release|Win32
		{FCB87B08-CED0-425B-8518-A7E08AB2D622}.Debug|x64.ActiveCfg = Debug|x64
		{FCB87B08-CED0-425B-8518-A7E08AB2D622}.Debug|x64.Build.0 = Debug|x64
		{FCB87B08-CED0-425B-8518-A7E08AB2D622}.Debug|x86.ActiveCfg = Debug|Win32
		{FCB87B08-CED0-425B-8518-A7E08AB2D622}.Debug|x86.Build.0 = Debug|Win32
		{FCB87B08-CED0-425B-8518-A7E08AB2D622}.Release|x64.ActiveCfg = Release|x64
		{FCB87B08-CED0-425B-8518-A7E08AB2D622}.Release|x64.Build.0 = Release|x64
		{FCB87B08-CED0-425B-8518-A7E08AB2D622}.Release|x86.ActiveCfg = Release|Win32
		{FCB87B08-CED0-425B-8518-A7E08AB2D622}.Release|x86.Build.0 = Release|Win32
		{4C546725-5AC5-42D6-8CAC-486347A72C99}.Debug|x64.ActiveCfg = Debug|x64
		{4C546725-5AC5-42D6-8CAC-486347A72C99}.Debug|x64.Build.0 = Debug|x64
		{4C546725-5AC5-42D6-8CAC-486347A72C99}.Debug|x86.ActiveCfg = Debug|Win32
		{4C546725-5AC5-42D6-8CAC-486347A72C99}.Debug|x86.Build.0 = Debug|Win32
		{4C546725-5AC5-42D6-8CAC-486347A72C99}.Release|x64.ActiveCfg = Release|x64
		{4C546725-5AC5-42D6-8CAC-486347A72C99}.Release|x64.Build.0 = Release|x64
		{4C546725-5AC5-42D6-8CAC-486347A72C99}.Release|x86.ActiveCfg = Release|Win32
		{4C546725-5AC5-42D6-8CAC-486347A72C99}.Release|x86.Build.0 = Release|Win32
		{D47E09D4-B6AE-4D84-A40B-B69A9CF54324}.Debug|x64.ActiveCfg = Debug|x64
		{D47E09D4-B6AE-4D84-A40B-B69A9CF54324}.Debug|x64.Build.0 = Debug|x64
		{D47E09D4-B6AE-4D84-A40B-B69A9CF54324}.Debug|x86.ActiveCfg = Debug|Win32
		{D47E09D4-B6AE-4D84-A40B-B69A9CF54324}.Debug|x86.Build.0 = Debug|Win32
		{D47E09D4-B6AE-4D84-A40B-B69A9CF54324}.Release|x64.ActiveCfg = Release|x64
		{D47E09D4-B6AE-4D84-A40B-B69A9CF54324}.Release|x64.Build.0 = Release|x64
		{D47E09D4-B6AE-4D84-A40B-B69A9CF54324}.Release|x86.ActiveCfg = Release|Win32
		{D47E09D4-B6AE-4D84-A40B-B69A9CF54324}.Release|x86.Build.0 = Release|Win32
		{216939AC-72DD-4090-A10D-0E3C74A7D0D9}.Debug|x64.ActiveCfg = Debug|x64
		{216939AC-72DD-4090-A10D-0E3C74A7D0D9}.Debug|x64.Build.0 = Debug|x64
		{216939AC-72DD-4090-A10D-0E3C74A7D0D9}.Debug|x86.ActiveCfg = Debug|Win32
		{216939AC-72DD-4090-A10D-0E3C74A7D0D9}.Debug|x86.Build.0 = Debug|Win32
		{216939AC-72DD-4090-A10D-0E3C74A7D0D9}.Release|x64.ActiveCfg = Release|x64
		{216939AC-72DD-4090-A10D-0E3C74A7D0D9}.Release|x64.Build.0 = Release|x64
		{216939AC-72DD-4090-A10D-0E3C74A7D0D9}.Release|x86.ActiveCfg = Release|Win32
		{216939AC-72DD-4090-A10D-0E3C74A7D0D9}.Release|x86.Build.0 = Release|Win32
		{ADE0D5F1-B355-4C68-A71F-C2AFE824AC4A}.Debug|x64.ActiveCfg = Debug|x64
		{ADE0D5F1-B355-4C68-A71F-C2AFE824AC4A}.Debug|x64.Build.0 = Debug|x64
		{ADE0D5F1-B355-4C68-A71F-C2AFE824AC4A}.Debug|x86.ActiveCfg = Debug|Win32
		{ADE0D5F1-B355-4C68-A71F-C2AFE824AC4A}.Debug|x86.Build.0 = Debug|Win32
		{ADE0D5F1-B355-4C68-A71F-C2AFE824AC4A}.Release|x64.ActiveCfg = Release|x64
		{ADE0D5F1-B355-4C68-A71F-C2AFE824AC4A}.Release|x64.Build.0 = Release|x64
		{ADE0D5F1-B355-4C68-A71F-C2AFE824AC4A}.Release|x86.ActiveCfg = Release|Win32
		{ADE0D5F1-B355-4C68-A71F-C2AFE824AC4A}.Release|x86.Build.0 = Release|Win32
	EndGlobalSection
	GlobalSection(SolutionProperties) = preSolution
		HideSolutionNode = FALSE
	EndGlobalSection
	GlobalSection(ExtensibilityGlobals) = postSolution
		SolutionGuid = {1106154C-AAD6-43FE-8CCE-FAF7E3413C8F}
	EndGlobalSection
EndGlobal
